
Microsoft Visual Studio Solution File, Format Version 12.00
# Visual Studio Version 17
VisualStudioVersion = 17.7.34221.43
MinimumVisualStudioVersion = 10.0.40219.1
Project("{8BC9CEB8-8B4A-11D0-8D11-00A0C91BC942}") = "280201031", "280201031.vcxproj", "{C337B51F-60CF-4D43-8E37-D39DFE671F5F}"
EndProject
Global
	GlobalSection(SolutionConfigurationPlatforms) = preSolution
		Debug|x64 = Debug|x64
		Release|x64 = Release|x64
	EndGlobalSection
	GlobalSection(ProjectConfigurationPlatforms) = postSolution
		{C337B51F-60CF-4D43-8E37-D39DFE671F5F}.Debug|x64.ActiveCfg = Debug|x64
		{C337B51F-60CF-4D43-8E37-D39DFE671F5F}.Debug|x64.Build.0 = Debug|x64
		{C337B51F-60CF-4D43-8E37-D39DFE671F5F}.Release|x64.ActiveCfg = Release|x64
		{C337B51F-60CF-4D43-8E37-D39DFE671F5F}.Release|x64.Build.0 = Release|x64
	EndGlobalSection
	GlobalSection(SolutionProperties) = preSolution
		HideSolutionNode = FALSE
	EndGlobalSection
	GlobalSection(ExtensibilityGlobals) = postSolution
		SolutionGuid = {A0C4B505-4FCF-45FD-82EF-154B7CAFDB23}
	EndGlobalSection
EndGlobal
